
Microsoft Visual Studio Solution File, Format Version 12.00
# Visual Studio Version 17
VisualStudioVersion = 17.0.31903.59
MinimumVisualStudioVersion = 10.0.40219.1
Project("{2150E333-8FDC-42A3-9474-1A3956D46DE8}") = "source", "source", "{02EA681E-C7D8-13C7-8484-4AC65E1B71E8}"
EndProject
Project("{2150E333-8FDC-42A3-9474-1A3956D46DE8}") = "tests", "tests", "{7D27E640-7EAB-4F76-B6C5-318B7D5DED57}"
EndProject
Project("{2150E333-8FDC-42A3-9474-1A3956D46DE8}") = "Elementos de la solución", "Elementos de la solución", "{D107F4C8-89CC-BEA8-D3D7-CA6B7733353D}"
	ProjectSection(SolutionItems) = preProject
		LICENSE = LICENSE
		README.md = README.md
	EndProjectSection
EndProject
Project("{FAE04EC0-301F-11D3-BF4B-00C04F79EFBC}") = "Panther.Core", "source\Panther.Core\Panther.Core.csproj", "{64314233-385D-4F3A-8BAB-ED1111A035F7}"
EndProject
Project("{FAE04EC0-301F-11D3-BF4B-00C04F79EFBC}") = "Panther.WindowsApp", "source\Panther.WindowsApp\Panther.WindowsApp.csproj", "{CE53608F-5DDB-4332-BE2E-F8DB13CF62FB}"
EndProject
Global
	GlobalSection(SolutionConfigurationPlatforms) = preSolution
		Debug|Any CPU = Debug|Any CPU
		Release|Any CPU = Release|Any CPU
	EndGlobalSection
	GlobalSection(ProjectConfigurationPlatforms) = postSolution
		{64314233-385D-4F3A-8BAB-ED1111A035F7}.Debug|Any CPU.ActiveCfg = Debug|Any CPU
		{64314233-385D-4F3A-8BAB-ED1111A035F7}.Debug|Any CPU.Build.0 = Debug|Any CPU
		{64314233-385D-4F3A-8BAB-ED1111A035F7}.Release|Any CPU.ActiveCfg = Release|Any CPU
		{64314233-385D-4F3A-8BAB-ED1111A035F7}.Release|Any CPU.Build.0 = Release|Any CPU
		{CE53608F-5DDB-4332-BE2E-F8DB13CF62FB}.Debug|Any CPU.ActiveCfg = Debug|x64
		{CE53608F-5DDB-4332-BE2E-F8DB13CF62FB}.Debug|Any CPU.Build.0 = Debug|x64
		{CE53608F-5DDB-4332-BE2E-F8DB13CF62FB}.Debug|Any CPU.Deploy.0 = Debug|x64
		{CE53608F-5DDB-4332-BE2E-F8DB13CF62FB}.Release|Any CPU.ActiveCfg = Release|x64
		{CE53608F-5DDB-4332-BE2E-F8DB13CF62FB}.Release|Any CPU.Build.0 = Release|x64
		{CE53608F-5DDB-4332-BE2E-F8DB13CF62FB}.Release|Any CPU.Deploy.0 = Release|x64
	EndGlobalSection
	GlobalSection(SolutionProperties) = preSolution
		HideSolutionNode = FALSE
	EndGlobalSection
	GlobalSection(NestedProjects) = preSolution
		{64314233-385D-4F3A-8BAB-ED1111A035F7} = {02EA681E-C7D8-13C7-8484-4AC65E1B71E8}
		{CE53608F-5DDB-4332-BE2E-F8DB13CF62FB} = {02EA681E-C7D8-13C7-8484-4AC65E1B71E8}
	EndGlobalSection
	GlobalSection(ExtensibilityGlobals) = postSolution
		SolutionGuid = {B46259CD-46FC-4E02-BA97-5922C5A1C170}
	EndGlobalSection
EndGlobal
