
Microsoft Visual Studio Solution File, Format Version 12.00
# Visual Studio Version 17
VisualStudioVersion = 17.4.33403.182
MinimumVisualStudioVersion = 10.0.40219.1
Project("{2150E333-8FDC-42A3-9474-1A3956D46DE8}") = "Platforms", "Platforms", "{72D3D436-4088-483B-A043-F1CDC5A0313F}"
EndProject
Project("{9A19103F-16F7-4668-BE54-9A1E7A4F7556}") = "Panther.UI", "Source\Panther.UI\Panther.UI\Panther.UI.csproj", "{9F26FDB5-C234-4322-9227-2C985CEAC3B5}"
EndProject
Project("{9A19103F-16F7-4668-BE54-9A1E7A4F7556}") = "Panther.UI.Wasm", "Source\Panther.UI\Panther.UI.Wasm\Panther.UI.Wasm.csproj", "{929154AB-DB38-4E46-89E4-4FDC55A2E2D7}"
EndProject
Project("{9A19103F-16F7-4668-BE54-9A1E7A4F7556}") = "Panther.UI.Mobile", "Source\Panther.UI\Panther.UI.Mobile\Panther.UI.Mobile.csproj", "{ADD3EBB0-A20F-44A3-B277-EA717ED3D82E}"
EndProject
Project("{9A19103F-16F7-4668-BE54-9A1E7A4F7556}") = "Panther.UI.Skia.Gtk", "Source\Panther.UI\Panther.UI.Skia.Gtk\Panther.UI.Skia.Gtk.csproj", "{5F11B613-2218-4F67-98E4-431E8EDA06B7}"
EndProject
Project("{9A19103F-16F7-4668-BE54-9A1E7A4F7556}") = "Panther.UI.Windows", "Source\Panther.UI\Panther.UI.Windows\Panther.UI.Windows.csproj", "{B50C642C-5857-4B69-A2C9-355F963EBE3C}"
EndProject
Project("{2150E333-8FDC-42A3-9474-1A3956D46DE8}") = "Source", "Source", "{969DABB8-8989-4D48-AC11-6532E00E4F4A}"
EndProject
Project("{2150E333-8FDC-42A3-9474-1A3956D46DE8}") = "Tests", "Tests", "{D51D64F3-1FFB-4BD6-AEA2-6239801E3831}"
EndProject
Project("{9A19103F-16F7-4668-BE54-9A1E7A4F7556}") = "Panther.Core", "Source\Panther.Core\Panther.Core.csproj", "{56B9858B-B64C-4BE4-B374-8DB7699C19E2}"
EndProject
Project("{9A19103F-16F7-4668-BE54-9A1E7A4F7556}") = "Panther.TestConsole", "Source\Panther.TestConsole\Panther.TestConsole.csproj", "{65C9DC46-5DDB-4BAE-B6AD-E5AA51E0DA3A}"
EndProject
Project("{9A19103F-16F7-4668-BE54-9A1E7A4F7556}") = "Panther.Core.UnitTests", "Tests\Panther.Core.UnitTests\Panther.Core.UnitTests.csproj", "{AE7CBBA5-05C1-423D-A57A-D5D6598E927C}"
EndProject
Global
	GlobalSection(SolutionConfigurationPlatforms) = preSolution
		Debug|Any CPU = Debug|Any CPU
		Debug|arm64 = Debug|arm64
		Debug|x64 = Debug|x64
		Debug|x86 = Debug|x86
		Release|Any CPU = Release|Any CPU
		Release|arm64 = Release|arm64
		Release|x64 = Release|x64
		Release|x86 = Release|x86
	EndGlobalSection
	GlobalSection(ProjectConfigurationPlatforms) = postSolution
		{9F26FDB5-C234-4322-9227-2C985CEAC3B5}.Debug|Any CPU.ActiveCfg = Debug|Any CPU
		{9F26FDB5-C234-4322-9227-2C985CEAC3B5}.Debug|Any CPU.Build.0 = Debug|Any CPU
		{9F26FDB5-C234-4322-9227-2C985CEAC3B5}.Debug|arm64.ActiveCfg = Debug|Any CPU
		{9F26FDB5-C234-4322-9227-2C985CEAC3B5}.Debug|arm64.Build.0 = Debug|Any CPU
		{9F26FDB5-C234-4322-9227-2C985CEAC3B5}.Debug|x64.ActiveCfg = Debug|Any CPU
		{9F26FDB5-C234-4322-9227-2C985CEAC3B5}.Debug|x64.Build.0 = Debug|Any CPU
		{9F26FDB5-C234-4322-9227-2C985CEAC3B5}.Debug|x86.ActiveCfg = Debug|Any CPU
		{9F26FDB5-C234-4322-9227-2C985CEAC3B5}.Debug|x86.Build.0 = Debug|Any CPU
		{9F26FDB5-C234-4322-9227-2C985CEAC3B5}.Release|Any CPU.ActiveCfg = Release|Any CPU
		{9F26FDB5-C234-4322-9227-2C985CEAC3B5}.Release|Any CPU.Build.0 = Release|Any CPU
		{9F26FDB5-C234-4322-9227-2C985CEAC3B5}.Release|arm64.ActiveCfg = Release|Any CPU
		{9F26FDB5-C234-4322-9227-2C985CEAC3B5}.Release|arm64.Build.0 = Release|Any CPU
		{9F26FDB5-C234-4322-9227-2C985CEAC3B5}.Release|x64.ActiveCfg = Release|Any CPU
		{9F26FDB5-C234-4322-9227-2C985CEAC3B5}.Release|x64.Build.0 = Release|Any CPU
		{9F26FDB5-C234-4322-9227-2C985CEAC3B5}.Release|x86.ActiveCfg = Release|Any CPU
		{9F26FDB5-C234-4322-9227-2C985CEAC3B5}.Release|x86.Build.0 = Release|Any CPU
		{929154AB-DB38-4E46-89E4-4FDC55A2E2D7}.Debug|Any CPU.ActiveCfg = Debug|Any CPU
		{929154AB-DB38-4E46-89E4-4FDC55A2E2D7}.Debug|Any CPU.Build.0 = Debug|Any CPU
		{929154AB-DB38-4E46-89E4-4FDC55A2E2D7}.Debug|arm64.ActiveCfg = Debug|Any CPU
		{929154AB-DB38-4E46-89E4-4FDC55A2E2D7}.Debug|arm64.Build.0 = Debug|Any CPU
		{929154AB-DB38-4E46-89E4-4FDC55A2E2D7}.Debug|x64.ActiveCfg = Debug|Any CPU
		{929154AB-DB38-4E46-89E4-4FDC55A2E2D7}.Debug|x64.Build.0 = Debug|Any CPU
		{929154AB-DB38-4E46-89E4-4FDC55A2E2D7}.Debug|x86.ActiveCfg = Debug|Any CPU
		{929154AB-DB38-4E46-89E4-4FDC55A2E2D7}.Debug|x86.Build.0 = Debug|Any CPU
		{929154AB-DB38-4E46-89E4-4FDC55A2E2D7}.Release|Any CPU.ActiveCfg = Release|Any CPU
		{929154AB-DB38-4E46-89E4-4FDC55A2E2D7}.Release|Any CPU.Build.0 = Release|Any CPU
		{929154AB-DB38-4E46-89E4-4FDC55A2E2D7}.Release|arm64.ActiveCfg = Release|Any CPU
		{929154AB-DB38-4E46-89E4-4FDC55A2E2D7}.Release|arm64.Build.0 = Release|Any CPU
		{929154AB-DB38-4E46-89E4-4FDC55A2E2D7}.Release|x64.ActiveCfg = Release|Any CPU
		{929154AB-DB38-4E46-89E4-4FDC55A2E2D7}.Release|x64.Build.0 = Release|Any CPU
		{929154AB-DB38-4E46-89E4-4FDC55A2E2D7}.Release|x86.ActiveCfg = Release|Any CPU
		{929154AB-DB38-4E46-89E4-4FDC55A2E2D7}.Release|x86.Build.0 = Release|Any CPU
		{ADD3EBB0-A20F-44A3-B277-EA717ED3D82E}.Debug|Any CPU.ActiveCfg = Debug|Any CPU
		{ADD3EBB0-A20F-44A3-B277-EA717ED3D82E}.Debug|Any CPU.Build.0 = Debug|Any CPU
		{ADD3EBB0-A20F-44A3-B277-EA717ED3D82E}.Debug|Any CPU.Deploy.0 = Debug|Any CPU
		{ADD3EBB0-A20F-44A3-B277-EA717ED3D82E}.Debug|arm64.ActiveCfg = Debug|Any CPU
		{ADD3EBB0-A20F-44A3-B277-EA717ED3D82E}.Debug|arm64.Build.0 = Debug|Any CPU
		{ADD3EBB0-A20F-44A3-B277-EA717ED3D82E}.Debug|arm64.Deploy.0 = Debug|Any CPU
		{ADD3EBB0-A20F-44A3-B277-EA717ED3D82E}.Debug|x64.ActiveCfg = Debug|Any CPU
		{ADD3EBB0-A20F-44A3-B277-EA717ED3D82E}.Debug|x64.Build.0 = Debug|Any CPU
		{ADD3EBB0-A20F-44A3-B277-EA717ED3D82E}.Debug|x64.Deploy.0 = Debug|Any CPU
		{ADD3EBB0-A20F-44A3-B277-EA717ED3D82E}.Debug|x86.ActiveCfg = Debug|Any CPU
		{ADD3EBB0-A20F-44A3-B277-EA717ED3D82E}.Debug|x86.Build.0 = Debug|Any CPU
		{ADD3EBB0-A20F-44A3-B277-EA717ED3D82E}.Debug|x86.Deploy.0 = Debug|Any CPU
		{ADD3EBB0-A20F-44A3-B277-EA717ED3D82E}.Release|Any CPU.ActiveCfg = Release|Any CPU
		{ADD3EBB0-A20F-44A3-B277-EA717ED3D82E}.Release|Any CPU.Build.0 = Release|Any CPU
		{ADD3EBB0-A20F-44A3-B277-EA717ED3D82E}.Release|Any CPU.Deploy.0 = Release|Any CPU
		{ADD3EBB0-A20F-44A3-B277-EA717ED3D82E}.Release|arm64.ActiveCfg = Release|Any CPU
		{ADD3EBB0-A20F-44A3-B277-EA717ED3D82E}.Release|arm64.Build.0 = Release|Any CPU
		{ADD3EBB0-A20F-44A3-B277-EA717ED3D82E}.Release|arm64.Deploy.0 = Release|Any CPU
		{ADD3EBB0-A20F-44A3-B277-EA717ED3D82E}.Release|x64.ActiveCfg = Release|Any CPU
		{ADD3EBB0-A20F-44A3-B277-EA717ED3D82E}.Release|x64.Build.0 = Release|Any CPU
		{ADD3EBB0-A20F-44A3-B277-EA717ED3D82E}.Release|x64.Deploy.0 = Release|Any CPU
		{ADD3EBB0-A20F-44A3-B277-EA717ED3D82E}.Release|x86.ActiveCfg = Release|Any CPU
		{ADD3EBB0-A20F-44A3-B277-EA717ED3D82E}.Release|x86.Build.0 = Release|Any CPU
		{ADD3EBB0-A20F-44A3-B277-EA717ED3D82E}.Release|x86.Deploy.0 = Release|Any CPU
		{5F11B613-2218-4F67-98E4-431E8EDA06B7}.Debug|Any CPU.ActiveCfg = Debug|Any CPU
		{5F11B613-2218-4F67-98E4-431E8EDA06B7}.Debug|Any CPU.Build.0 = Debug|Any CPU
		{5F11B613-2218-4F67-98E4-431E8EDA06B7}.Debug|arm64.ActiveCfg = Debug|Any CPU
		{5F11B613-2218-4F67-98E4-431E8EDA06B7}.Debug|arm64.Build.0 = Debug|Any CPU
		{5F11B613-2218-4F67-98E4-431E8EDA06B7}.Debug|x64.ActiveCfg = Debug|Any CPU
		{5F11B613-2218-4F67-98E4-431E8EDA06B7}.Debug|x64.Build.0 = Debug|Any CPU
		{5F11B613-2218-4F67-98E4-431E8EDA06B7}.Debug|x86.ActiveCfg = Debug|Any CPU
		{5F11B613-2218-4F67-98E4-431E8EDA06B7}.Debug|x86.Build.0 = Debug|Any CPU
		{5F11B613-2218-4F67-98E4-431E8EDA06B7}.Release|Any CPU.ActiveCfg = Release|Any CPU
		{5F11B613-2218-4F67-98E4-431E8EDA06B7}.Release|Any CPU.Build.0 = Release|Any CPU
		{5F11B613-2218-4F67-98E4-431E8EDA06B7}.Release|arm64.ActiveCfg = Release|Any CPU
		{5F11B613-2218-4F67-98E4-431E8EDA06B7}.Release|arm64.Build.0 = Release|Any CPU
		{5F11B613-2218-4F67-98E4-431E8EDA06B7}.Release|x64.ActiveCfg = Release|Any CPU
		{5F11B613-2218-4F67-98E4-431E8EDA06B7}.Release|x64.Build.0 = Release|Any CPU
		{5F11B613-2218-4F67-98E4-431E8EDA06B7}.Release|x86.ActiveCfg = Release|Any CPU
		{5F11B613-2218-4F67-98E4-431E8EDA06B7}.Release|x86.Build.0 = Release|Any CPU
		{B50C642C-5857-4B69-A2C9-355F963EBE3C}.Debug|Any CPU.ActiveCfg = Debug|x64
		{B50C642C-5857-4B69-A2C9-355F963EBE3C}.Debug|Any CPU.Build.0 = Debug|x64
		{B50C642C-5857-4B69-A2C9-355F963EBE3C}.Debug|Any CPU.Deploy.0 = Debug|x64
		{B50C642C-5857-4B69-A2C9-355F963EBE3C}.Debug|arm64.ActiveCfg = Debug|arm64
		{B50C642C-5857-4B69-A2C9-355F963EBE3C}.Debug|arm64.Build.0 = Debug|arm64
		{B50C642C-5857-4B69-A2C9-355F963EBE3C}.Debug|arm64.Deploy.0 = Debug|arm64
		{B50C642C-5857-4B69-A2C9-355F963EBE3C}.Debug|x64.ActiveCfg = Debug|x64
		{B50C642C-5857-4B69-A2C9-355F963EBE3C}.Debug|x64.Build.0 = Debug|x64
		{B50C642C-5857-4B69-A2C9-355F963EBE3C}.Debug|x64.Deploy.0 = Debug|x64
		{B50C642C-5857-4B69-A2C9-355F963EBE3C}.Debug|x86.ActiveCfg = Debug|x86
		{B50C642C-5857-4B69-A2C9-355F963EBE3C}.Debug|x86.Build.0 = Debug|x86
		{B50C642C-5857-4B69-A2C9-355F963EBE3C}.Debug|x86.Deploy.0 = Debug|x86
		{B50C642C-5857-4B69-A2C9-355F963EBE3C}.Release|Any CPU.ActiveCfg = Release|x64
		{B50C642C-5857-4B69-A2C9-355F963EBE3C}.Release|Any CPU.Build.0 = Release|x64
		{B50C642C-5857-4B69-A2C9-355F963EBE3C}.Release|Any CPU.Deploy.0 = Release|x64
		{B50C642C-5857-4B69-A2C9-355F963EBE3C}.Release|arm64.ActiveCfg = Release|arm64
		{B50C642C-5857-4B69-A2C9-355F963EBE3C}.Release|arm64.Build.0 = Release|arm64
		{B50C642C-5857-4B69-A2C9-355F963EBE3C}.Release|arm64.Deploy.0 = Release|arm64
		{B50C642C-5857-4B69-A2C9-355F963EBE3C}.Release|x64.ActiveCfg = Release|x64
		{B50C642C-5857-4B69-A2C9-355F963EBE3C}.Release|x64.Build.0 = Release|x64
		{B50C642C-5857-4B69-A2C9-355F963EBE3C}.Release|x64.Deploy.0 = Release|x64
		{B50C642C-5857-4B69-A2C9-355F963EBE3C}.Release|x86.ActiveCfg = Release|x86
		{B50C642C-5857-4B69-A2C9-355F963EBE3C}.Release|x86.Build.0 = Release|x86
		{B50C642C-5857-4B69-A2C9-355F963EBE3C}.Release|x86.Deploy.0 = Release|x86
		{56B9858B-B64C-4BE4-B374-8DB7699C19E2}.Debug|Any CPU.ActiveCfg = Debug|Any CPU
		{56B9858B-B64C-4BE4-B374-8DB7699C19E2}.Debug|Any CPU.Build.0 = Debug|Any CPU
		{56B9858B-B64C-4BE4-B374-8DB7699C19E2}.Debug|arm64.ActiveCfg = Debug|Any CPU
		{56B9858B-B64C-4BE4-B374-8DB7699C19E2}.Debug|arm64.Build.0 = Debug|Any CPU
		{56B9858B-B64C-4BE4-B374-8DB7699C19E2}.Debug|x64.ActiveCfg = Debug|Any CPU
		{56B9858B-B64C-4BE4-B374-8DB7699C19E2}.Debug|x64.Build.0 = Debug|Any CPU
		{56B9858B-B64C-4BE4-B374-8DB7699C19E2}.Debug|x86.ActiveCfg = Debug|Any CPU
		{56B9858B-B64C-4BE4-B374-8DB7699C19E2}.Debug|x86.Build.0 = Debug|Any CPU
		{56B9858B-B64C-4BE4-B374-8DB7699C19E2}.Release|Any CPU.ActiveCfg = Release|Any CPU
		{56B9858B-B64C-4BE4-B374-8DB7699C19E2}.Release|Any CPU.Build.0 = Release|Any CPU
		{56B9858B-B64C-4BE4-B374-8DB7699C19E2}.Release|arm64.ActiveCfg = Release|Any CPU
		{56B9858B-B64C-4BE4-B374-8DB7699C19E2}.Release|arm64.Build.0 = Release|Any CPU
		{56B9858B-B64C-4BE4-B374-8DB7699C19E2}.Release|x64.ActiveCfg = Release|Any CPU
		{56B9858B-B64C-4BE4-B374-8DB7699C19E2}.Release|x64.Build.0 = Release|Any CPU
		{56B9858B-B64C-4BE4-B374-8DB7699C19E2}.Release|x86.ActiveCfg = Release|Any CPU
		{56B9858B-B64C-4BE4-B374-8DB7699C19E2}.Release|x86.Build.0 = Release|Any CPU
		{65C9DC46-5DDB-4BAE-B6AD-E5AA51E0DA3A}.Debug|Any CPU.ActiveCfg = Debug|Any CPU
		{65C9DC46-5DDB-4BAE-B6AD-E5AA51E0DA3A}.Debug|Any CPU.Build.0 = Debug|Any CPU
		{65C9DC46-5DDB-4BAE-B6AD-E5AA51E0DA3A}.Debug|arm64.ActiveCfg = Debug|Any CPU
		{65C9DC46-5DDB-4BAE-B6AD-E5AA51E0DA3A}.Debug|arm64.Build.0 = Debug|Any CPU
		{65C9DC46-5DDB-4BAE-B6AD-E5AA51E0DA3A}.Debug|x64.ActiveCfg = Debug|Any CPU
		{65C9DC46-5DDB-4BAE-B6AD-E5AA51E0DA3A}.Debug|x64.Build.0 = Debug|Any CPU
		{65C9DC46-5DDB-4BAE-B6AD-E5AA51E0DA3A}.Debug|x86.ActiveCfg = Debug|Any CPU
		{65C9DC46-5DDB-4BAE-B6AD-E5AA51E0DA3A}.Debug|x86.Build.0 = Debug|Any CPU
		{65C9DC46-5DDB-4BAE-B6AD-E5AA51E0DA3A}.Release|Any CPU.ActiveCfg = Release|Any CPU
		{65C9DC46-5DDB-4BAE-B6AD-E5AA51E0DA3A}.Release|Any CPU.Build.0 = Release|Any CPU
		{65C9DC46-5DDB-4BAE-B6AD-E5AA51E0DA3A}.Release|arm64.ActiveCfg = Release|Any CPU
		{65C9DC46-5DDB-4BAE-B6AD-E5AA51E0DA3A}.Release|arm64.Build.0 = Release|Any CPU
		{65C9DC46-5DDB-4BAE-B6AD-E5AA51E0DA3A}.Release|x64.ActiveCfg = Release|Any CPU
		{65C9DC46-5DDB-4BAE-B6AD-E5AA51E0DA3A}.Release|x64.Build.0 = Release|Any CPU
		{65C9DC46-5DDB-4BAE-B6AD-E5AA51E0DA3A}.Release|x86.ActiveCfg = Release|Any CPU
		{65C9DC46-5DDB-4BAE-B6AD-E5AA51E0DA3A}.Release|x86.Build.0 = Release|Any CPU
		{AE7CBBA5-05C1-423D-A57A-D5D6598E927C}.Debug|Any CPU.ActiveCfg = Debug|Any CPU
		{AE7CBBA5-05C1-423D-A57A-D5D6598E927C}.Debug|Any CPU.Build.0 = Debug|Any CPU
		{AE7CBBA5-05C1-423D-A57A-D5D6598E927C}.Debug|arm64.ActiveCfg = Debug|Any CPU
		{AE7CBBA5-05C1-423D-A57A-D5D6598E927C}.Debug|arm64.Build.0 = Debug|Any CPU
		{AE7CBBA5-05C1-423D-A57A-D5D6598E927C}.Debug|x64.ActiveCfg = Debug|Any CPU
		{AE7CBBA5-05C1-423D-A57A-D5D6598E927C}.Debug|x64.Build.0 = Debug|Any CPU
		{AE7CBBA5-05C1-423D-A57A-D5D6598E927C}.Debug|x86.ActiveCfg = Debug|Any CPU
		{AE7CBBA5-05C1-423D-A57A-D5D6598E927C}.Debug|x86.Build.0 = Debug|Any CPU
		{AE7CBBA5-05C1-423D-A57A-D5D6598E927C}.Release|Any CPU.ActiveCfg = Release|Any CPU
		{AE7CBBA5-05C1-423D-A57A-D5D6598E927C}.Release|Any CPU.Build.0 = Release|Any CPU
		{AE7CBBA5-05C1-423D-A57A-D5D6598E927C}.Release|arm64.ActiveCfg = Release|Any CPU
		{AE7CBBA5-05C1-423D-A57A-D5D6598E927C}.Release|arm64.Build.0 = Release|Any CPU
		{AE7CBBA5-05C1-423D-A57A-D5D6598E927C}.Release|x64.ActiveCfg = Release|Any CPU
		{AE7CBBA5-05C1-423D-A57A-D5D6598E927C}.Release|x64.Build.0 = Release|Any CPU
		{AE7CBBA5-05C1-423D-A57A-D5D6598E927C}.Release|x86.ActiveCfg = Release|Any CPU
		{AE7CBBA5-05C1-423D-A57A-D5D6598E927C}.Release|x86.Build.0 = Release|Any CPU
	EndGlobalSection
	GlobalSection(SolutionProperties) = preSolution
		HideSolutionNode = FALSE
	EndGlobalSection
	GlobalSection(NestedProjects) = preSolution
		{72D3D436-4088-483B-A043-F1CDC5A0313F} = {969DABB8-8989-4D48-AC11-6532E00E4F4A}
		{9F26FDB5-C234-4322-9227-2C985CEAC3B5} = {969DABB8-8989-4D48-AC11-6532E00E4F4A}
		{929154AB-DB38-4E46-89E4-4FDC55A2E2D7} = {72D3D436-4088-483B-A043-F1CDC5A0313F}
		{ADD3EBB0-A20F-44A3-B277-EA717ED3D82E} = {72D3D436-4088-483B-A043-F1CDC5A0313F}
		{5F11B613-2218-4F67-98E4-431E8EDA06B7} = {72D3D436-4088-483B-A043-F1CDC5A0313F}
		{B50C642C-5857-4B69-A2C9-355F963EBE3C} = {72D3D436-4088-483B-A043-F1CDC5A0313F}
		{56B9858B-B64C-4BE4-B374-8DB7699C19E2} = {969DABB8-8989-4D48-AC11-6532E00E4F4A}
		{65C9DC46-5DDB-4BAE-B6AD-E5AA51E0DA3A} = {969DABB8-8989-4D48-AC11-6532E00E4F4A}
		{AE7CBBA5-05C1-423D-A57A-D5D6598E927C} = {D51D64F3-1FFB-4BD6-AEA2-6239801E3831}
	EndGlobalSection
	GlobalSection(ExtensibilityGlobals) = postSolution
		SolutionGuid = {CE6C007A-EC1B-4E40-814A-912499848C24}
	EndGlobalSection
EndGlobal
